// !$*UTF8*$!
{
	archiveVersion = 1;
	classes = {
	};
	objectVersion = 56;
	objects = {

/* Begin PBXBuildFile section */
		D240D3E82A64027D0039A95B /* HikeApp.swift in Sources */ = {isa = PBXBuildFile; fileRef = D240D3E72A64027D0039A95B /* HikeApp.swift */; };
		D240D3EA2A64027D0039A95B /* ContentView.swift in Sources */ = {isa = PBXBuildFile; fileRef = D240D3E92A64027D0039A95B /* ContentView.swift */; };
		D240D3EC2A64027E0039A95B /* Assets.xcassets in Resources */ = {isa = PBXBuildFile; fileRef = D240D3EB2A64027E0039A95B /* Assets.xcassets */; };
		D240D3EF2A64027E0039A95B /* Preview Assets.xcassets in Resources */ = {isa = PBXBuildFile; fileRef = D240D3EE2A64027E0039A95B /* Preview Assets.xcassets */; };
		D256FB4A2A672FD900CD8EEA /* CardView.swift in Sources */ = {isa = PBXBuildFile; fileRef = D256FB492A672FD900CD8EEA /* CardView.swift */; };
		D256FB4F2A6731D200CD8EEA /* CustomBackgroundView.swift in Sources */ = {isa = PBXBuildFile; fileRef = D256FB4E2A6731D200CD8EEA /* CustomBackgroundView.swift */; };
		D256FB522A67349E00CD8EEA /* ColorExtension.swift in Sources */ = {isa = PBXBuildFile; fileRef = D256FB512A67349E00CD8EEA /* ColorExtension.swift */; };
		D25E0C872A69794D000CA51A /* CustomButtonView.swift in Sources */ = {isa = PBXBuildFile; fileRef = D25E0C862A69794D000CA51A /* CustomButtonView.swift */; };
		D25E0C892A69D423000CA51A /* GradientButtonStyle.swift in Sources */ = {isa = PBXBuildFile; fileRef = D25E0C882A69D423000CA51A /* GradientButtonStyle.swift */; };
		D25E0C8B2A6F19AB000CA51A /* CustomCircleView.swift in Sources */ = {isa = PBXBuildFile; fileRef = D25E0C8A2A6F19AB000CA51A /* CustomCircleView.swift */; };
		D25E0C8D2A6F1B77000CA51A /* MotionAnimationView.swift in Sources */ = {isa = PBXBuildFile; fileRef = D25E0C8C2A6F1B77000CA51A /* MotionAnimationView.swift */; };
		D25E0C902A6F2150000CA51A /* SettingsView.swift in Sources */ = {isa = PBXBuildFile; fileRef = D25E0C8F2A6F2150000CA51A /* SettingsView.swift */; };
		D2DDDD772A6FE7B1001794DA /* CustomListRowView.swift in Sources */ = {isa = PBXBuildFile; fileRef = D2DDDD762A6FE7B1001794DA /* CustomListRowView.swift */; };
/* End PBXBuildFile section */

/* Begin PBXFileReference section */
		D240D3E42A64027D0039A95B /* Hike.app */ = {isa = PBXFileReference; explicitFileType = wrapper.application; includeInIndex = 0; path = Hike.app; sourceTree = BUILT_PRODUCTS_DIR; };
		D240D3E72A64027D0039A95B /* HikeApp.swift */ = {isa = PBXFileReference; lastKnownFileType = sourcecode.swift; path = HikeApp.swift; sourceTree = "<group>"; };
		D240D3E92A64027D0039A95B /* ContentView.swift */ = {isa = PBXFileReference; lastKnownFileType = sourcecode.swift; path = ContentView.swift; sourceTree = "<group>"; };
		D240D3EB2A64027E0039A95B /* Assets.xcassets */ = {isa = PBXFileReference; lastKnownFileType = folder.assetcatalog; path = Assets.xcassets; sourceTree = "<group>"; };
		D240D3EE2A64027E0039A95B /* Preview Assets.xcassets */ = {isa = PBXFileReference; lastKnownFileType = folder.assetcatalog; path = "Preview Assets.xcassets"; sourceTree = "<group>"; };
		D256FB492A672FD900CD8EEA /* CardView.swift */ = {isa = PBXFileReference; lastKnownFileType = sourcecode.swift; path = CardView.swift; sourceTree = "<group>"; };
		D256FB4E2A6731D200CD8EEA /* CustomBackgroundView.swift */ = {isa = PBXFileReference; lastKnownFileType = sourcecode.swift; path = CustomBackgroundView.swift; sourceTree = "<group>"; };
		D256FB512A67349E00CD8EEA /* ColorExtension.swift */ = {isa = PBXFileReference; lastKnownFileType = sourcecode.swift; path = ColorExtension.swift; sourceTree = "<group>"; };
		D25E0C862A69794D000CA51A /* CustomButtonView.swift */ = {isa = PBXFileReference; lastKnownFileType = sourcecode.swift; path = CustomButtonView.swift; sourceTree = "<group>"; };
		D25E0C882A69D423000CA51A /* GradientButtonStyle.swift */ = {isa = PBXFileReference; lastKnownFileType = sourcecode.swift; path = GradientButtonStyle.swift; sourceTree = "<group>"; };
		D25E0C8A2A6F19AB000CA51A /* CustomCircleView.swift */ = {isa = PBXFileReference; lastKnownFileType = sourcecode.swift; path = CustomCircleView.swift; sourceTree = "<group>"; };
		D25E0C8C2A6F1B77000CA51A /* MotionAnimationView.swift */ = {isa = PBXFileReference; lastKnownFileType = sourcecode.swift; path = MotionAnimationView.swift; sourceTree = "<group>"; };
		D25E0C8F2A6F2150000CA51A /* SettingsView.swift */ = {isa = PBXFileReference; lastKnownFileType = sourcecode.swift; path = SettingsView.swift; sourceTree = "<group>"; };
		D2DDDD762A6FE7B1001794DA /* CustomListRowView.swift */ = {isa = PBXFileReference; lastKnownFileType = sourcecode.swift; path = CustomListRowView.swift; sourceTree = "<group>"; };
/* End PBXFileReference section */

/* Begin PBXFrameworksBuildPhase section */
		D240D3E12A64027D0039A95B /* Frameworks */ = {
			isa = PBXFrameworksBuildPhase;
			buildActionMask = 2147483647;
			files = (
			);
			runOnlyForDeploymentPostprocessing = 0;
		};
/* End PBXFrameworksBuildPhase section */

/* Begin PBXGroup section */
		D240D3DB2A64027D0039A95B = {
			isa = PBXGroup;
			children = (
				D240D3E62A64027D0039A95B /* Hike */,
				D240D3E52A64027D0039A95B /* Products */,
			);
			sourceTree = "<group>";
		};
		D240D3E52A64027D0039A95B /* Products */ = {
			isa = PBXGroup;
			children = (
				D240D3E42A64027D0039A95B /* Hike.app */,
			);
			name = Products;
			sourceTree = "<group>";
		};
		D240D3E62A64027D0039A95B /* Hike */ = {
			isa = PBXGroup;
			children = (
				D256FB502A67345600CD8EEA /* Utility */,
				D240D3E72A64027D0039A95B /* HikeApp.swift */,
				D25E0C8E2A6F212B000CA51A /* Screen */,
				D240D3EB2A64027E0039A95B /* Assets.xcassets */,
				D240D3ED2A64027E0039A95B /* Preview Content */,
				D256FB4B2A67315600CD8EEA /* Component */,
			);
			path = Hike;
			sourceTree = "<group>";
		};
		D240D3ED2A64027E0039A95B /* Preview Content */ = {
			isa = PBXGroup;
			children = (
				D240D3EE2A64027E0039A95B /* Preview Assets.xcassets */,
			);
			path = "Preview Content";
			sourceTree = "<group>";
		};
		D256FB4B2A67315600CD8EEA /* Component */ = {
			isa = PBXGroup;
			children = (
				D256FB492A672FD900CD8EEA /* CardView.swift */,
				D256FB4E2A6731D200CD8EEA /* CustomBackgroundView.swift */,
				D25E0C862A69794D000CA51A /* CustomButtonView.swift */,
				D25E0C8A2A6F19AB000CA51A /* CustomCircleView.swift */,
				D25E0C8C2A6F1B77000CA51A /* MotionAnimationView.swift */,
				D2DDDD762A6FE7B1001794DA /* CustomListRowView.swift */,
			);
			path = Component;
			sourceTree = "<group>";
		};
		D256FB502A67345600CD8EEA /* Utility */ = {
			isa = PBXGroup;
			children = (
				D256FB512A67349E00CD8EEA /* ColorExtension.swift */,
				D25E0C882A69D423000CA51A /* GradientButtonStyle.swift */,
			);
			path = Utility;
			sourceTree = "<group>";
		};
		D25E0C8E2A6F212B000CA51A /* Screen */ = {
			isa = PBXGroup;
			children = (
				D240D3E92A64027D0039A95B /* ContentView.swift */,
				D25E0C8F2A6F2150000CA51A /* SettingsView.swift */,
			);
			path = Screen;
			sourceTree = "<group>";
		};
/* End PBXGroup section */

/* Begin PBXNativeTarget section */
		D240D3E32A64027D0039A95B /* Hike */ = {
			isa = PBXNativeTarget;
			buildConfigurationList = D240D3F22A64027E0039A95B /* Build configuration list for PBXNativeTarget "Hike" */;
			buildPhases = (
				D240D3E02A64027D0039A95B /* Sources */,
				D240D3E12A64027D0039A95B /* Frameworks */,
				D240D3E22A64027D0039A95B /* Resources */,
			);
			buildRules = (
			);
			dependencies = (
			);
			name = Hike;
			productName = Hike;
			productReference = D240D3E42A64027D0039A95B /* Hike.app */;
			productType = "com.apple.product-type.application";
		};
/* End PBXNativeTarget section */

/* Begin PBXProject section */
		D240D3DC2A64027D0039A95B /* Project object */ = {
			isa = PBXProject;
			attributes = {
				BuildIndependentTargetsInParallel = 1;
				LastSwiftUpdateCheck = 1430;
				LastUpgradeCheck = 1430;
				TargetAttributes = {
					D240D3E32A64027D0039A95B = {
						CreatedOnToolsVersion = 14.3.1;
					};
				};
			};
			buildConfigurationList = D240D3DF2A64027D0039A95B /* Build configuration list for PBXProject "Hike" */;
			compatibilityVersion = "Xcode 14.0";
			developmentRegion = en;
			hasScannedForEncodings = 0;
			knownRegions = (
				en,
				Base,
			);
			mainGroup = D240D3DB2A64027D0039A95B;
			productRefGroup = D240D3E52A64027D0039A95B /* Products */;
			projectDirPath = "";
			projectRoot = "";
			targets = (
				D240D3E32A64027D0039A95B /* Hike */,
			);
		};
/* End PBXProject section */

/* Begin PBXResourcesBuildPhase section */
		D240D3E22A64027D0039A95B /* Resources */ = {
			isa = PBXResourcesBuildPhase;
			buildActionMask = 2147483647;
			files = (
				D240D3EF2A64027E0039A95B /* Preview Assets.xcassets in Resources */,
				D240D3EC2A64027E0039A95B /* Assets.xcassets in Resources */,
			);
			runOnlyForDeploymentPostprocessing = 0;
		};
/* End PBXResourcesBuildPhase section */

/* Begin PBXSourcesBuildPhase section */
		D240D3E02A64027D0039A95B /* Sources */ = {
			isa = PBXSourcesBuildPhase;
			buildActionMask = 2147483647;
			files = (
				D240D3EA2A64027D0039A95B /* ContentView.swift in Sources */,
				D25E0C8B2A6F19AB000CA51A /* CustomCircleView.swift in Sources */,
				D2DDDD772A6FE7B1001794DA /* CustomListRowView.swift in Sources */,
				D240D3E82A64027D0039A95B /* HikeApp.swift in Sources */,
				D256FB4A2A672FD900CD8EEA /* CardView.swift in Sources */,
				D25E0C872A69794D000CA51A /* CustomButtonView.swift in Sources */,
				D25E0C902A6F2150000CA51A /* SettingsView.swift in Sources */,
				D25E0C892A69D423000CA51A /* GradientButtonStyle.swift in Sources */,
				D25E0C8D2A6F1B77000CA51A /* MotionAnimationView.swift in Sources */,
				D256FB4F2A6731D200CD8EEA /* CustomBackgroundView.swift in Sources */,
				D256FB522A67349E00CD8EEA /* ColorExtension.swift in Sources */,
			);
			runOnlyForDeploymentPostprocessing = 0;
		};
/* End PBXSourcesBuildPhase section */

/* Begin XCBuildConfiguration section */
		D240D3F02A64027E0039A95B /* Debug */ = {
			isa = XCBuildConfiguration;
			buildSettings = {
				ALWAYS_SEARCH_USER_PATHS = NO;
				CLANG_ANALYZER_NONNULL = YES;
				CLANG_ANALYZER_NUMBER_OBJECT_CONVERSION = YES_AGGRESSIVE;
				CLANG_CXX_LANGUAGE_STANDARD = "gnu++20";
				CLANG_ENABLE_MODULES = YES;
				CLANG_ENABLE_OBJC_ARC = YES;
				CLANG_ENABLE_OBJC_WEAK = YES;
				CLANG_WARN_BLOCK_CAPTURE_AUTORELEASING = YES;
				CLANG_WARN_BOOL_CONVERSION = YES;
				CLANG_WARN_COMMA = YES;
				CLANG_WARN_CONSTANT_CONVERSION = YES;
				CLANG_WARN_DEPRECATED_OBJC_IMPLEMENTATIONS = YES;
				CLANG_WARN_DIRECT_OBJC_ISA_USAGE = YES_ERROR;
				CLANG_WARN_DOCUMENTATION_COMMENTS = YES;
				CLANG_WARN_EMPTY_BODY = YES;
				CLANG_WARN_ENUM_CONVERSION = YES;
				CLANG_WARN_INFINITE_RECURSION = YES;
				CLANG_WARN_INT_CONVERSION = YES;
				CLANG_WARN_NON_LITERAL_NULL_CONVERSION = YES;
				CLANG_WARN_OBJC_IMPLICIT_RETAIN_SELF = YES;
				CLANG_WARN_OBJC_LITERAL_CONVERSION = YES;
				CLANG_WARN_OBJC_ROOT_CLASS = YES_ERROR;
				CLANG_WARN_QUOTED_INCLUDE_IN_FRAMEWORK_HEADER = YES;
				CLANG_WARN_RANGE_LOOP_ANALYSIS = YES;
				CLANG_WARN_STRICT_PROTOTYPES = YES;
				CLANG_WARN_SUSPICIOUS_MOVE = YES;
				CLANG_WARN_UNGUARDED_AVAILABILITY = YES_AGGRESSIVE;
				CLANG_WARN_UNREACHABLE_CODE = YES;
				CLANG_WARN__DUPLICATE_METHOD_MATCH = YES;
				COPY_PHASE_STRIP = NO;
				DEBUG_INFORMATION_FORMAT = dwarf;
				ENABLE_STRICT_OBJC_MSGSEND = YES;
				ENABLE_TESTABILITY = YES;
				GCC_C_LANGUAGE_STANDARD = gnu11;
				GCC_DYNAMIC_NO_PIC = NO;
				GCC_NO_COMMON_BLOCKS = YES;
				GCC_OPTIMIZATION_LEVEL = 0;
				GCC_PREPROCESSOR_DEFINITIONS = (
					"DEBUG=1",
					"$(inherited)",
				);
				GCC_WARN_64_TO_32_BIT_CONVERSION = YES;
				GCC_WARN_ABOUT_RETURN_TYPE = YES_ERROR;
				GCC_WARN_UNDECLARED_SELECTOR = YES;
				GCC_WARN_UNINITIALIZED_AUTOS = YES_AGGRESSIVE;
				GCC_WARN_UNUSED_FUNCTION = YES;
				GCC_WARN_UNUSED_VARIABLE = YES;
				IPHONEOS_DEPLOYMENT_TARGET = 16.4;
				MTL_ENABLE_DEBUG_INFO = INCLUDE_SOURCE;
				MTL_FAST_MATH = YES;
				ONLY_ACTIVE_ARCH = YES;
				SDKROOT = iphoneos;
				SWIFT_ACTIVE_COMPILATION_CONDITIONS = DEBUG;
				SWIFT_OPTIMIZATION_LEVEL = "-Onone";
			};
			name = Debug;
		};
		D240D3F12A64027E0039A95B /* Release */ = {
			isa = XCBuildConfiguration;
			buildSettings = {
				ALWAYS_SEARCH_USER_PATHS = NO;
				CLANG_ANALYZER_NONNULL = YES;
				CLANG_ANALYZER_NUMBER_OBJECT_CONVERSION = YES_AGGRESSIVE;
				CLANG_CXX_LANGUAGE_STANDARD = "gnu++20";
				CLANG_ENABLE_MODULES = YES;
				CLANG_ENABLE_OBJC_ARC = YES;
				CLANG_ENABLE_OBJC_WEAK = YES;
				CLANG_WARN_BLOCK_CAPTURE_AUTORELEASING = YES;
				CLANG_WARN_BOOL_CONVERSION = YES;
				CLANG_WARN_COMMA = YES;
				CLANG_WARN_CONSTANT_CONVERSION = YES;
				CLANG_WARN_DEPRECATED_OBJC_IMPLEMENTATIONS = YES;
				CLANG_WARN_DIRECT_OBJC_ISA_USAGE = YES_ERROR;
				CLANG_WARN_DOCUMENTATION_COMMENTS = YES;
				CLANG_WARN_EMPTY_BODY = YES;
				CLANG_WARN_ENUM_CONVERSION = YES;
				CLANG_WARN_INFINITE_RECURSION = YES;
				CLANG_WARN_INT_CONVERSION = YES;
				CLANG_WARN_NON_LITERAL_NULL_CONVERSION = YES;
				CLANG_WARN_OBJC_IMPLICIT_RETAIN_SELF = YES;
				CLANG_WARN_OBJC_LITERAL_CONVERSION = YES;
				CLANG_WARN_OBJC_ROOT_CLASS = YES_ERROR;
				CLANG_WARN_QUOTED_INCLUDE_IN_FRAMEWORK_HEADER = YES;
				CLANG_WARN_RANGE_LOOP_ANALYSIS = YES;
				CLANG_WARN_STRICT_PROTOTYPES = YES;
				CLANG_WARN_SUSPICIOUS_MOVE = YES;
				CLANG_WARN_UNGUARDED_AVAILABILITY = YES_AGGRESSIVE;
				CLANG_WARN_UNREACHABLE_CODE = YES;
				CLANG_WARN__DUPLICATE_METHOD_MATCH = YES;
				COPY_PHASE_STRIP = NO;
				DEBUG_INFORMATION_FORMAT = "dwarf-with-dsym";
				ENABLE_NS_ASSERTIONS = NO;
				ENABLE_STRICT_OBJC_MSGSEND = YES;
				GCC_C_LANGUAGE_STANDARD = gnu11;
				GCC_NO_COMMON_BLOCKS = YES;
				GCC_WARN_64_TO_32_BIT_CONVERSION = YES;
				GCC_WARN_ABOUT_RETURN_TYPE = YES_ERROR;
				GCC_WARN_UNDECLARED_SELECTOR = YES;
				GCC_WARN_UNINITIALIZED_AUTOS = YES_AGGRESSIVE;
				GCC_WARN_UNUSED_FUNCTION = YES;
				GCC_WARN_UNUSED_VARIABLE = YES;
				IPHONEOS_DEPLOYMENT_TARGET = 16.4;
				MTL_ENABLE_DEBUG_INFO = NO;
				MTL_FAST_MATH = YES;
				SDKROOT = iphoneos;
				SWIFT_COMPILATION_MODE = wholemodule;
				SWIFT_OPTIMIZATION_LEVEL = "-O";
				VALIDATE_PRODUCT = YES;
			};
			name = Release;
		};
		D240D3F32A64027E0039A95B /* Debug */ = {
			isa = XCBuildConfiguration;
			buildSettings = {
				ASSETCATALOG_COMPILER_ALTERNATE_APPICON_NAMES = "AppIcon-MagnifyingGlass AppIcon-Mushroom AppIcon-Map AppIcon-Camera AppIcon-Backpack AppIcon-Campfire";
				ASSETCATALOG_COMPILER_APPICON_NAME = AppIcon;
				ASSETCATALOG_COMPILER_GLOBAL_ACCENT_COLOR_NAME = AccentColor;
				ASSETCATALOG_COMPILER_INCLUDE_ALL_APPICON_ASSETS = YES;
				CODE_SIGN_STYLE = Automatic;
				CURRENT_PROJECT_VERSION = 1;
				DEVELOPMENT_ASSET_PATHS = "\"Hike/Preview Content\"";
				DEVELOPMENT_TEAM = XJJ5JZ57H7;
				ENABLE_PREVIEWS = YES;
				GENERATE_INFOPLIST_FILE = YES;
				INFOPLIST_KEY_UIApplicationSceneManifest_Generation = YES;
				INFOPLIST_KEY_UIApplicationSupportsIndirectInputEvents = YES;
				INFOPLIST_KEY_UILaunchScreen_Generation = YES;
				INFOPLIST_KEY_UISupportedInterfaceOrientations_iPad = "UIInterfaceOrientationPortrait UIInterfaceOrientationPortraitUpsideDown UIInterfaceOrientationLandscapeLeft UIInterfaceOrientationLandscapeRight";
				INFOPLIST_KEY_UISupportedInterfaceOrientations_iPhone = "UIInterfaceOrientationPortrait UIInterfaceOrientationLandscapeLeft UIInterfaceOrientationLandscapeRight";
				LD_RUNPATH_SEARCH_PATHS = (
					"$(inherited)",
					"@executable_path/Frameworks",
				);
				MARKETING_VERSION = 1.0;
				PRODUCT_BUNDLE_IDENTIFIER = com.swiftik.Hike;
				PRODUCT_NAME = "$(TARGET_NAME)";
				SWIFT_EMIT_LOC_STRINGS = YES;
				SWIFT_VERSION = 5.0;
				TARGETED_DEVICE_FAMILY = "1,2";
			};
			name = Debug;
		};
		D240D3F42A64027E0039A95B /* Release */ = {
			isa = XCBuildConfiguration;
			buildSettings = {
				ASSETCATALOG_COMPILER_ALTERNATE_APPICON_NAMES = "AppIcon-MagnifyingGlass AppIcon-Mushroom AppIcon-Map AppIcon-Camera AppIcon-Backpack AppIcon-Campfire";
				ASSETCATALOG_COMPILER_APPICON_NAME = AppIcon;
				ASSETCATALOG_COMPILER_GLOBAL_ACCENT_COLOR_NAME = AccentColor;
				ASSETCATALOG_COMPILER_INCLUDE_ALL_APPICON_ASSETS = YES;
				CODE_SIGN_STYLE = Automatic;
				CURRENT_PROJECT_VERSION = 1;
				DEVELOPMENT_ASSET_PATHS = "\"Hike/Preview Content\"";
				DEVELOPMENT_TEAM = XJJ5JZ57H7;
				ENABLE_PREVIEWS = YES;
				GENERATE_INFOPLIST_FILE = YES;
				INFOPLIST_KEY_UIApplicationSceneManifest_Generation = YES;
				INFOPLIST_KEY_UIApplicationSupportsIndirectInputEvents = YES;
				INFOPLIST_KEY_UILaunchScreen_Generation = YES;
				INFOPLIST_KEY_UISupportedInterfaceOrientations_iPad = "UIInterfaceOrientationPortrait UIInterfaceOrientationPortraitUpsideDown UIInterfaceOrientationLandscapeLeft UIInterfaceOrientationLandscapeRight";
				INFOPLIST_KEY_UISupportedInterfaceOrientations_iPhone = "UIInterfaceOrientationPortrait UIInterfaceOrientationLandscapeLeft UIInterfaceOrientationLandscapeRight";
				LD_RUNPATH_SEARCH_PATHS = (
					"$(inherited)",
					"@executable_path/Frameworks",
				);
				MARKETING_VERSION = 1.0;
				PRODUCT_BUNDLE_IDENTIFIER = com.swiftik.Hike;
				PRODUCT_NAME = "$(TARGET_NAME)";
				SWIFT_EMIT_LOC_STRINGS = YES;
				SWIFT_VERSION = 5.0;
				TARGETED_DEVICE_FAMILY = "1,2";
			};
			name = Release;
		};
/* End XCBuildConfiguration section */

/* Begin XCConfigurationList section */
		D240D3DF2A64027D0039A95B /* Build configuration list for PBXProject "Hike" */ = {
			isa = XCConfigurationList;
			buildConfigurations = (
				D240D3F02A64027E0039A95B /* Debug */,
				D240D3F12A64027E0039A95B /* Release */,
			);
			defaultConfigurationIsVisible = 0;
			defaultConfigurationName = Release;
		};
		D240D3F22A64027E0039A95B /* Build configuration list for PBXNativeTarget "Hike" */ = {
			isa = XCConfigurationList;
			buildConfigurations = (
				D240D3F32A64027E0039A95B /* Debug */,
				D240D3F42A64027E0039A95B /* Release */,
			);
			defaultConfigurationIsVisible = 0;
			defaultConfigurationName = Release;
		};
/* End XCConfigurationList section */
	};
	rootObject = D240D3DC2A64027D0039A95B /* Project object */;
}
